{
  "name": "altizure-hierarchy-builder",
  "version": "1.0.0",
  "lockfileVersion": 1,
  "requires": true,
  "dependencies": {
    "jsoncomp": {
      "version": "1.6.1",
      "resolved": "https://registry.npmjs.org/jsoncomp/-/jsoncomp-1.6.1.tgz",
      "integrity": "sha1-zsYVi+BbQKVA4lBfYWeoIV+QJDo="
    }
  }
}
